{
  "version": 4,
  "terraform_version": "0.12.23",
  "serial": 67,
  "lineage": "3873e9fd-a979-2f01-d29e-f32b8e7b4660",
  "outputs": {},
  "resources": [
    {
      "mode": "data",
      "type": "template_file",
      "name": "init",
      "provider": "provider.template",
      "instances": [
        {
          "schema_version": 0,
          "attributes": {
            "filename": null,
            "id": "61bc71a7d60a6164431530f2b01888e9f84e65dba2d320d155f25756c6fc036c",
            "rendered": "(function (window) {\n    window.__env = window.__env || {};\n    window.__env.apiUrl = 'http://localhost:5000';\n    window.__env.enableDebug = 'true';\n    window.__env.cardHeader = 'HashiCorp Consul Service on Azure - VM \u003c\u003e VM Mesh Demo';\n    window.__env.cardText = 'Our application is designed to demonstrate connectivity between multiple tiers in a Service Mesh running with Consul';\n  }(this));",
            "template": "(function (window) {\n    window.__env = window.__env || {};\n    window.__env.apiUrl = 'http://localhost:5000';\n    window.__env.enableDebug = 'true';\n    window.__env.cardHeader = '${cardHeader}';\n    window.__env.cardText = '${cardText}';\n  }(this));",
            "vars": {
              "cardHeader": "HashiCorp Consul Service on Azure - VM \u003c\u003e VM Mesh Demo",
              "cardText": "Our application is designed to demonstrate connectivity between multiple tiers in a Service Mesh running with Consul"
            }
          }
        }
      ]
    },
    {
      "mode": "managed",
      "type": "consul_intention",
      "name": "api-allow",
      "provider": "provider.consul",
      "instances": [
        {
          "schema_version": 0,
          "attributes": {
            "action": "allow",
            "description": "",
            "destination_name": "pyapi-vm",
            "id": "9be7520c-dc52-8e82-61ff-ca193ac05417",
            "meta": {},
            "source_name": "nginx"
          },
          "private": "bnVsbA=="
        }
      ]
    },
    {
      "mode": "managed",
      "type": "consul_intention",
      "name": "db-allow",
      "provider": "provider.consul",
      "instances": [
        {
          "schema_version": 0,
          "attributes": {
            "action": "allow",
            "description": "",
            "destination_name": "db-vm",
            "id": "45ab71be-c7cb-bfc7-6b5b-f6c41c5797d0",
            "meta": {},
            "source_name": "pyapi-vm"
          },
          "private": "bnVsbA=="
        }
      ]
    },
    {
      "mode": "managed",
      "type": "consul_intention",
      "name": "default-deny",
      "provider": "provider.consul",
      "instances": [
        {
          "schema_version": 0,
          "attributes": {
            "action": "deny",
            "description": "",
            "destination_name": "*",
            "id": "0c728879-10b3-699e-204c-b3d3f3c32c77",
            "meta": {},
            "source_name": "*"
          },
          "private": "bnVsbA=="
        }
      ]
    },
    {
      "mode": "managed",
      "type": "consul_keys",
      "name": "app",
      "provider": "provider.consul",
      "instances": [
        {
          "schema_version": 1,
          "attributes": {
            "datacenter": "consulaz",
            "id": "consul",
            "key": [
              {
                "default": "",
                "delete": false,
                "flags": 0,
                "name": "",
                "path": "demoapp/intro/text",
                "value": "(function (window) {\n    window.__env = window.__env || {};\n    window.__env.apiUrl = 'http://localhost:5000';\n    window.__env.enableDebug = 'true';\n    window.__env.cardHeader = 'HashiCorp Consul Service on Azure - VM \u003c\u003e VM Mesh Demo';\n    window.__env.cardText = 'Our application is designed to demonstrate connectivity between multiple tiers in a Service Mesh running with Consul';\n  }(this));"
              }
            ],
            "token": null,
            "var": {}
          },
          "private": "eyJzY2hlbWFfdmVyc2lvbiI6IjEifQ=="
        }
      ]
    }
  ]
}
