{
  "version": 4,
  "terraform_version": "0.12.23",
  "serial": 12,
  "lineage": "8be73745-f9fb-6f1b-2d2e-4039fb804dfb",
  "outputs": {},
  "resources": [
    {
      "mode": "data",
      "type": "azurerm_resource_group",
      "name": "cdearkland-hcs-rg",
      "provider": "provider.azurerm",
      "instances": [
        {
          "schema_version": 0,
          "attributes": {
            "id": "/subscriptions/2835f892-3393-4988-bf4b-c169a8b22f1e/resourceGroups/cdearkland-hcs-rg",
            "location": "westus2",
            "name": "cdearkland-hcs-rg",
            "tags": {},
            "timeouts": null
          }
        }
      ]
    },
    {
      "mode": "data",
      "type": "azurerm_subnet",
      "name": "this",
      "provider": "provider.azurerm",
      "instances": [
        {
          "schema_version": 0,
          "attributes": {
            "address_prefix": "10.3.3.0/24",
            "enforce_private_link_endpoint_network_policies": false,
            "enforce_private_link_service_network_policies": false,
            "id": "/subscriptions/2835f892-3393-4988-bf4b-c169a8b22f1e/resourceGroups/cdearkland-hcs-rg/providers/Microsoft.Network/virtualNetworks/aks-demo-network/subnets/hcsclientvm",
            "name": "hcsclientvm",
            "network_security_group_id": "",
            "resource_group_name": "cdearkland-hcs-rg",
            "route_table_id": "",
            "service_endpoints": [],
            "timeouts": null,
            "virtual_network_name": "aks-demo-network"
          }
        }
      ]
    },
    {
      "mode": "data",
      "type": "azurerm_virtual_network",
      "name": "this",
      "provider": "provider.azurerm",
      "instances": [
        {
          "schema_version": 0,
          "attributes": {
            "address_space": [
              "10.3.0.0/16"
            ],
            "dns_servers": [],
            "id": "/subscriptions/2835f892-3393-4988-bf4b-c169a8b22f1e/resourceGroups/cdearkland-hcs-rg/providers/Microsoft.Network/virtualNetworks/aks-demo-network",
            "location": "westus2",
            "name": "aks-demo-network",
            "resource_group_name": "cdearkland-hcs-rg",
            "subnets": [
              "aksdemointernal",
              "hcsclientvm"
            ],
            "timeouts": null,
            "vnet_peerings": {
              "demo": "/subscriptions/2835f892-3393-4988-bf4b-c169a8b22f1e/resourceGroups/mrg-hcs-production-preview-20200320090508/providers/Microsoft.Network/virtualNetworks/hvn-consul-ama-consulaz-vnet",
              "test2": "/subscriptions/2835f892-3393-4988-bf4b-c169a8b22f1e/resourceGroups/cdearkland-hcs-rg/providers/Microsoft.Network/virtualNetworks/aks-demo-network2"
            }
          }
        }
      ]
    },
    {
      "mode": "managed",
      "type": "azurerm_linux_virtual_machine",
      "name": "hcsclient05",
      "provider": "provider.azurerm",
      "instances": [
        {
          "schema_version": 0,
          "attributes": {
            "additional_capabilities": [],
            "admin_password": null,
            "admin_ssh_key": [
              {
                "public_key": "ssh-rsa AAAAB3NzaC1yc2EAAAADAQABAAACAQDZWetJdpOowRmu5PeaYbKK9WPKiC3w5cB1PpVGZZwKuSczAUYBmJTYBnv5Hs4c5Iz0j/87fqqEoFuwPv1E08r69EqbgmTdREBxTm+7lzCTsPCMo4G4DZFWwUwd+ZarA7j22f0Mik2iUOMWml3BUemvymYXwO9unwwkFRvCaWtXNtIEVimLms1ILCMld4MolXgyIwpfR3uXDCCcPjIHnAXOD0ziuZQ7x9WG6I9d/kO1JiYaa3sDWNkjQiP7qcp8OjMV6sTuE+1xljDDfgf8Ze8vJNdLauFGDX6sm8Cw1E49Qhg5Jc0fzjJVkLV8zkFOWF0Vp777m5oE2sjOVCQjLKx/I6529v53C5Wm5e8bgmPkjaPiJUTvH27NEuJqFI1TDPEapm/s5pBFxVlTndYILojWxuozrFusaIBC4z6DcV9dVpHFBb6zIQDlWH8W0jlsoKFKE4JS8qmI2pWWK/e4za3SGZOH+KZqetXK5i7u8633xGZt0pIcjUP4rozzLrlO8QIGVtUITnRzdrkTu+gHPxTkRoKgpnO5xIAajnWQ1M8VUdymCGCiTast9WTFkHg6GYlcBV8FK+2ALDbKKbESZn/qcLdFDE5BKtI3eHomuENvTQr+q2MjsczaolomLKhgUcMRMmIxOVaOM0czAuMd1tiVIBqOu3U3NhywOgJITX/saw==",
                "username": "codyhc"
              }
            ],
            "admin_username": "codyhc",
            "allow_extension_operations": true,
            "availability_set_id": "",
            "boot_diagnostics": [],
            "computer_name": "hcsclient05",
            "custom_data": "cnVuY21kOgogICAgLSBzdWRvIGFwdCBpbnN0YWxsIC15IG5naW54",
            "dedicated_host_id": "",
            "disable_password_authentication": true,
            "eviction_policy": "",
            "id": "/subscriptions/2835f892-3393-4988-bf4b-c169a8b22f1e/resourceGroups/cdearkland-hcs-rg/providers/Microsoft.Compute/virtualMachines/hcsclient05",
            "identity": [],
            "location": "westus2",
            "max_bid_price": -1,
            "name": "hcsclient05",
            "network_interface_ids": [
              "/subscriptions/2835f892-3393-4988-bf4b-c169a8b22f1e/resourceGroups/cdearkland-hcs-rg/providers/Microsoft.Network/networkInterfaces/externalnic"
            ],
            "os_disk": [
              {
                "caching": "ReadWrite",
                "diff_disk_settings": [],
                "disk_encryption_set_id": "",
                "disk_size_gb": 30,
                "name": "hcsclient05_disk1_4cc3bfa7ee6041169cbce59d3d3eef77",
                "storage_account_type": "Standard_LRS",
                "write_accelerator_enabled": false
              }
            ],
            "plan": [],
            "priority": "Regular",
            "private_ip_address": "10.3.3.6",
            "private_ip_addresses": [
              "10.3.3.6"
            ],
            "provision_vm_agent": true,
            "proximity_placement_group_id": "",
            "public_ip_address": "51.143.92.242",
            "public_ip_addresses": [
              "51.143.92.242"
            ],
            "resource_group_name": "cdearkland-hcs-rg",
            "secret": [],
            "size": "Standard_B1ms",
            "source_image_id": "/subscriptions/2835f892-3393-4988-bf4b-c169a8b22f1e/resourceGroups/cdearkland-hcs-rg/providers/Microsoft.Compute/images/consul-hcs-cde",
            "source_image_reference": [],
            "tags": null,
            "timeouts": null,
            "virtual_machine_id": "be559b99-e9d2-40bb-b26d-41f31e6cd5f4",
            "zone": ""
          },
          "private": "eyJlMmJmYjczMC1lY2FhLTExZTYtOGY4OC0zNDM2M2JjN2M0YzAiOnsiY3JlYXRlIjoyNzAwMDAwMDAwMDAwLCJkZWxldGUiOjI3MDAwMDAwMDAwMDAsInJlYWQiOjMwMDAwMDAwMDAwMCwidXBkYXRlIjoyNzAwMDAwMDAwMDAwfX0=",
          "dependencies": [
            "azurerm_network_interface.example"
          ]
        }
      ]
    },
    {
      "mode": "managed",
      "type": "azurerm_network_interface",
      "name": "example",
      "provider": "provider.azurerm",
      "instances": [
        {
          "schema_version": 0,
          "attributes": {
            "applied_dns_servers": [],
            "dns_servers": [],
            "enable_accelerated_networking": false,
            "enable_ip_forwarding": false,
            "id": "/subscriptions/2835f892-3393-4988-bf4b-c169a8b22f1e/resourceGroups/cdearkland-hcs-rg/providers/Microsoft.Network/networkInterfaces/externalnic",
            "internal_dns_name_label": "",
            "ip_configuration": [
              {
                "name": "internal",
                "primary": true,
                "private_ip_address": "10.3.3.6",
                "private_ip_address_allocation": "Dynamic",
                "private_ip_address_version": "IPv4",
                "public_ip_address_id": "/subscriptions/2835f892-3393-4988-bf4b-c169a8b22f1e/resourceGroups/cdearkland-hcs-rg/providers/Microsoft.Network/publicIPAddresses/hcsclient05ip",
                "subnet_id": "/subscriptions/2835f892-3393-4988-bf4b-c169a8b22f1e/resourceGroups/cdearkland-hcs-rg/providers/Microsoft.Network/virtualNetworks/aks-demo-network/subnets/hcsclientvm"
              }
            ],
            "location": "westus2",
            "mac_address": "00-0D-3A-C3-64-0D",
            "name": "externalnic",
            "private_ip_address": "10.3.3.6",
            "private_ip_addresses": [
              "10.3.3.6"
            ],
            "resource_group_name": "cdearkland-hcs-rg",
            "tags": {},
            "timeouts": null,
            "virtual_machine_id": "/subscriptions/2835f892-3393-4988-bf4b-c169a8b22f1e/resourceGroups/cdearkland-hcs-rg/providers/Microsoft.Compute/virtualMachines/hcsclient05"
          },
          "private": "eyJlMmJmYjczMC1lY2FhLTExZTYtOGY4OC0zNDM2M2JjN2M0YzAiOnsiY3JlYXRlIjoxODAwMDAwMDAwMDAwLCJkZWxldGUiOjE4MDAwMDAwMDAwMDAsInJlYWQiOjMwMDAwMDAwMDAwMCwidXBkYXRlIjoxODAwMDAwMDAwMDAwfX0=",
          "dependencies": [
            "azurerm_public_ip.this"
          ]
        }
      ]
    },
    {
      "mode": "managed",
      "type": "azurerm_public_ip",
      "name": "this",
      "provider": "provider.azurerm",
      "instances": [
        {
          "schema_version": 0,
          "attributes": {
            "allocation_method": "Static",
            "domain_name_label": null,
            "fqdn": null,
            "id": "/subscriptions/2835f892-3393-4988-bf4b-c169a8b22f1e/resourceGroups/cdearkland-hcs-rg/providers/Microsoft.Network/publicIPAddresses/hcsclient05ip",
            "idle_timeout_in_minutes": 4,
            "ip_address": "51.143.92.242",
            "ip_version": "IPv4",
            "location": "westus2",
            "name": "hcsclient05ip",
            "public_ip_prefix_id": null,
            "resource_group_name": "cdearkland-hcs-rg",
            "reverse_fqdn": null,
            "sku": "Basic",
            "tags": {},
            "timeouts": null,
            "zones": []
          },
          "private": "eyJlMmJmYjczMC1lY2FhLTExZTYtOGY4OC0zNDM2M2JjN2M0YzAiOnsiY3JlYXRlIjoxODAwMDAwMDAwMDAwLCJkZWxldGUiOjE4MDAwMDAwMDAwMDAsInJlYWQiOjMwMDAwMDAwMDAwMCwidXBkYXRlIjoxODAwMDAwMDAwMDAwfX0="
        }
      ]
    }
  ]
}
